// !$*UTF8*$!
{
	archiveVersion = 1;
	classes = {
	};
	objectVersion = 46;
	objects = {

/* Begin PBXBuildFile section */
		BC79EEE01B10BED200141FD2 /* main.m in Sources */ = {isa = PBXBuildFile; fileRef = BC79EEDF1B10BED200141FD2 /* main.m */; };
		BC79EEE31B10BED200141FD2 /* AppDelegate.m in Sources */ = {isa = PBXBuildFile; fileRef = BC79EEE21B10BED200141FD2 /* AppDelegate.m */; };
		BC79EEE61B10BED200141FD2 /* ViewController.m in Sources */ = {isa = PBXBuildFile; fileRef = BC79EEE51B10BED200141FD2 /* ViewController.m */; };
		BC79EEE91B10BED200141FD2 /* Main.storyboard in Resources */ = {isa = PBXBuildFile; fileRef = BC79EEE71B10BED200141FD2 /* Main.storyboard */; };
		BC79EEEB1B10BED200141FD2 /* Images.xcassets in Resources */ = {isa = PBXBuildFile; fileRef = BC79EEEA1B10BED200141FD2 /* Images.xcassets */; };
		BC79EEEE1B10BED200141FD2 /* LaunchScreen.xib in Resources */ = {isa = PBXBuildFile; fileRef = BC79EEEC1B10BED200141FD2 /* LaunchScreen.xib */; };
		BC79EEFA1B10BED200141FD2 /* AutolayoutUITableViewCell_iOS7Tests.m in Sources */ = {isa = PBXBuildFile; fileRef = BC79EEF91B10BED200141FD2 /* AutolayoutUITableViewCell_iOS7Tests.m */; };
		BC79EF061B10BF3A00141FD2 /* iOS7TableViewCell.m in Sources */ = {isa = PBXBuildFile; fileRef = BC79EF041B10BF3A00141FD2 /* iOS7TableViewCell.m */; };
		BC79EF071B10BF3A00141FD2 /* iOS7TableViewCell.xib in Resources */ = {isa = PBXBuildFile; fileRef = BC79EF051B10BF3A00141FD2 /* iOS7TableViewCell.xib */; };
/* End PBXBuildFile section */

/* Begin PBXContainerItemProxy section */
		BC79EEF41B10BED200141FD2 /* PBXContainerItemProxy */ = {
			isa = PBXContainerItemProxy;
			containerPortal = BC79EED21B10BED200141FD2 /* Project object */;
			proxyType = 1;
			remoteGlobalIDString = BC79EED91B10BED200141FD2;
			remoteInfo = AutolayoutUITableViewCell_iOS7;
		};
/* End PBXContainerItemProxy section */

/* Begin PBXFileReference section */
		BC79EEDA1B10BED200141FD2 /* AutolayoutUITableViewCell_iOS7.app */ = {isa = PBXFileReference; explicitFileType = wrapper.application; includeInIndex = 0; path = AutolayoutUITableViewCell_iOS7.app; sourceTree = BUILT_PRODUCTS_DIR; };
		BC79EEDE1B10BED200141FD2 /* Info.plist */ = {isa = PBXFileReference; lastKnownFileType = text.plist.xml; path = Info.plist; sourceTree = "<group>"; };
		BC79EEDF1B10BED200141FD2 /* main.m */ = {isa = PBXFileReference; lastKnownFileType = sourcecode.c.objc; path = main.m; sourceTree = "<group>"; };
		BC79EEE11B10BED200141FD2 /* AppDelegate.h */ = {isa = PBXFileReference; lastKnownFileType = sourcecode.c.h; path = AppDelegate.h; sourceTree = "<group>"; };
		BC79EEE21B10BED200141FD2 /* AppDelegate.m */ = {isa = PBXFileReference; lastKnownFileType = sourcecode.c.objc; path = AppDelegate.m; sourceTree = "<group>"; };
		BC79EEE41B10BED200141FD2 /* ViewController.h */ = {isa = PBXFileReference; lastKnownFileType = sourcecode.c.h; path = ViewController.h; sourceTree = "<group>"; };
		BC79EEE51B10BED200141FD2 /* ViewController.m */ = {isa = PBXFileReference; lastKnownFileType = sourcecode.c.objc; path = ViewController.m; sourceTree = "<group>"; };
		BC79EEE81B10BED200141FD2 /* Base */ = {isa = PBXFileReference; lastKnownFileType = file.storyboard; name = Base; path = Base.lproj/Main.storyboard; sourceTree = "<group>"; };
		BC79EEEA1B10BED200141FD2 /* Images.xcassets */ = {isa = PBXFileReference; lastKnownFileType = folder.assetcatalog; path = Images.xcassets; sourceTree = "<group>"; };
		BC79EEED1B10BED200141FD2 /* Base */ = {isa = PBXFileReference; lastKnownFileType = file.xib; name = Base; path = Base.lproj/LaunchScreen.xib; sourceTree = "<group>"; };
		BC79EEF31B10BED200141FD2 /* AutolayoutUITableViewCell_iOS7Tests.xctest */ = {isa = PBXFileReference; explicitFileType = wrapper.cfbundle; includeInIndex = 0; path = AutolayoutUITableViewCell_iOS7Tests.xctest; sourceTree = BUILT_PRODUCTS_DIR; };
		BC79EEF81B10BED200141FD2 /* Info.plist */ = {isa = PBXFileReference; lastKnownFileType = text.plist.xml; path = Info.plist; sourceTree = "<group>"; };
		BC79EEF91B10BED200141FD2 /* AutolayoutUITableViewCell_iOS7Tests.m */ = {isa = PBXFileReference; lastKnownFileType = sourcecode.c.objc; path = AutolayoutUITableViewCell_iOS7Tests.m; sourceTree = "<group>"; };
		BC79EF031B10BF3A00141FD2 /* iOS7TableViewCell.h */ = {isa = PBXFileReference; fileEncoding = 4; lastKnownFileType = sourcecode.c.h; path = iOS7TableViewCell.h; sourceTree = "<group>"; };
		BC79EF041B10BF3A00141FD2 /* iOS7TableViewCell.m */ = {isa = PBXFileReference; fileEncoding = 4; lastKnownFileType = sourcecode.c.objc; path = iOS7TableViewCell.m; sourceTree = "<group>"; };
		BC79EF051B10BF3A00141FD2 /* iOS7TableViewCell.xib */ = {isa = PBXFileReference; fileEncoding = 4; lastKnownFileType = file.xib; path = iOS7TableViewCell.xib; sourceTree = "<group>"; };
/* End PBXFileReference section */

/* Begin PBXFrameworksBuildPhase section */
		BC79EED71B10BED200141FD2 /* Frameworks */ = {
			isa = PBXFrameworksBuildPhase;
			buildActionMask = 2147483647;
			files = (
			);
			runOnlyForDeploymentPostprocessing = 0;
		};
		BC79EEF01B10BED200141FD2 /* Frameworks */ = {
			isa = PBXFrameworksBuildPhase;
			buildActionMask = 2147483647;
			files = (
			);
			runOnlyForDeploymentPostprocessing = 0;
		};
/* End PBXFrameworksBuildPhase section */

/* Begin PBXGroup section */
		BC79EED11B10BED200141FD2 = {
			isa = PBXGroup;
			children = (
				BC79EEDC1B10BED200141FD2 /* AutolayoutUITableViewCell_iOS7 */,
				BC79EEF61B10BED200141FD2 /* AutolayoutUITableViewCell_iOS7Tests */,
				BC79EEDB1B10BED200141FD2 /* Products */,
			);
			sourceTree = "<group>";
		};
		BC79EEDB1B10BED200141FD2 /* Products */ = {
			isa = PBXGroup;
			children = (
				BC79EEDA1B10BED200141FD2 /* AutolayoutUITableViewCell_iOS7.app */,
				BC79EEF31B10BED200141FD2 /* AutolayoutUITableViewCell_iOS7Tests.xctest */,
			);
			name = Products;
			sourceTree = "<group>";
		};
		BC79EEDC1B10BED200141FD2 /* AutolayoutUITableViewCell_iOS7 */ = {
			isa = PBXGroup;
			children = (
				BC79EEE11B10BED200141FD2 /* AppDelegate.h */,
				BC79EEE21B10BED200141FD2 /* AppDelegate.m */,
				BC79EEE41B10BED200141FD2 /* ViewController.h */,
				BC79EEE51B10BED200141FD2 /* ViewController.m */,
				BC79EEE71B10BED200141FD2 /* Main.storyboard */,
				BC79EF031B10BF3A00141FD2 /* iOS7TableViewCell.h */,
				BC79EF041B10BF3A00141FD2 /* iOS7TableViewCell.m */,
				BC79EF051B10BF3A00141FD2 /* iOS7TableViewCell.xib */,
				BC79EEEA1B10BED200141FD2 /* Images.xcassets */,
				BC79EEEC1B10BED200141FD2 /* LaunchScreen.xib */,
				BC79EEDD1B10BED200141FD2 /* Supporting Files */,
			);
			path = AutolayoutUITableViewCell_iOS7;
			sourceTree = "<group>";
		};
		BC79EEDD1B10BED200141FD2 /* Supporting Files */ = {
			isa = PBXGroup;
			children = (
				BC79EEDE1B10BED200141FD2 /* Info.plist */,
				BC79EEDF1B10BED200141FD2 /* main.m */,
			);
			name = "Supporting Files";
			sourceTree = "<group>";
		};
		BC79EEF61B10BED200141FD2 /* AutolayoutUITableViewCell_iOS7Tests */ = {
			isa = PBXGroup;
			children = (
				BC79EEF91B10BED200141FD2 /* AutolayoutUITableViewCell_iOS7Tests.m */,
				BC79EEF71B10BED200141FD2 /* Supporting Files */,
			);
			path = AutolayoutUITableViewCell_iOS7Tests;
			sourceTree = "<group>";
		};
		BC79EEF71B10BED200141FD2 /* Supporting Files */ = {
			isa = PBXGroup;
			children = (
				BC79EEF81B10BED200141FD2 /* Info.plist */,
			);
			name = "Supporting Files";
			sourceTree = "<group>";
		};
/* End PBXGroup section */

/* Begin PBXNativeTarget section */
		BC79EED91B10BED200141FD2 /* AutolayoutUITableViewCell_iOS7 */ = {
			isa = PBXNativeTarget;
			buildConfigurationList = BC79EEFD1B10BED200141FD2 /* Build configuration list for PBXNativeTarget "AutolayoutUITableViewCell_iOS7" */;
			buildPhases = (
				BC79EED61B10BED200141FD2 /* Sources */,
				BC79EED71B10BED200141FD2 /* Frameworks */,
				BC79EED81B10BED200141FD2 /* Resources */,
			);
			buildRules = (
			);
			dependencies = (
			);
			name = AutolayoutUITableViewCell_iOS7;
			productName = AutolayoutUITableViewCell_iOS7;
			productReference = BC79EEDA1B10BED200141FD2 /* AutolayoutUITableViewCell_iOS7.app */;
			productType = "com.apple.product-type.application";
		};
		BC79EEF21B10BED200141FD2 /* AutolayoutUITableViewCell_iOS7Tests */ = {
			isa = PBXNativeTarget;
			buildConfigurationList = BC79EF001B10BED200141FD2 /* Build configuration list for PBXNativeTarget "AutolayoutUITableViewCell_iOS7Tests" */;
			buildPhases = (
				BC79EEEF1B10BED200141FD2 /* Sources */,
				BC79EEF01B10BED200141FD2 /* Frameworks */,
				BC79EEF11B10BED200141FD2 /* Resources */,
			);
			buildRules = (
			);
			dependencies = (
				BC79EEF51B10BED200141FD2 /* PBXTargetDependency */,
			);
			name = AutolayoutUITableViewCell_iOS7Tests;
			productName = AutolayoutUITableViewCell_iOS7Tests;
			productReference = BC79EEF31B10BED200141FD2 /* AutolayoutUITableViewCell_iOS7Tests.xctest */;
			productType = "com.apple.product-type.bundle.unit-test";
		};
/* End PBXNativeTarget section */

/* Begin PBXProject section */
		BC79EED21B10BED200141FD2 /* Project object */ = {
			isa = PBXProject;
			attributes = {
				LastUpgradeCheck = 0630;
				ORGANIZATIONNAME = "channe-Mac";
				TargetAttributes = {
					BC79EED91B10BED200141FD2 = {
						CreatedOnToolsVersion = 6.3.1;
					};
					BC79EEF21B10BED200141FD2 = {
						CreatedOnToolsVersion = 6.3.1;
						TestTargetID = BC79EED91B10BED200141FD2;
					};
				};
			};
			buildConfigurationList = BC79EED51B10BED200141FD2 /* Build configuration list for PBXProject "AutolayoutUITableViewCell_iOS7" */;
			compatibilityVersion = "Xcode 3.2";
			developmentRegion = English;
			hasScannedForEncodings = 0;
			knownRegions = (
				en,
				Base,
			);
			mainGroup = BC79EED11B10BED200141FD2;
			productRefGroup = BC79EEDB1B10BED200141FD2 /* Products */;
			projectDirPath = "";
			projectRoot = "";
			targets = (
				BC79EED91B10BED200141FD2 /* AutolayoutUITableViewCell_iOS7 */,
				BC79EEF21B10BED200141FD2 /* AutolayoutUITableViewCell_iOS7Tests */,
			);
		};
/* End PBXProject section */

/* Begin PBXResourcesBuildPhase section */
		BC79EED81B10BED200141FD2 /* Resources */ = {
			isa = PBXResourcesBuildPhase;
			buildActionMask = 2147483647;
			files = (
				BC79EEE91B10BED200141FD2 /* Main.storyboard in Resources */,
				BC79EEEE1B10BED200141FD2 /* LaunchScreen.xib in Resources */,
				BC79EEEB1B10BED200141FD2 /* Images.xcassets in Resources */,
				BC79EF071B10BF3A00141FD2 /* iOS7TableViewCell.xib in Resources */,
			);
			runOnlyForDeploymentPostprocessing = 0;
		};
		BC79EEF11B10BED200141FD2 /* Resources */ = {
			isa = PBXResourcesBuildPhase;
			buildActionMask = 2147483647;
			files = (
			);
			runOnlyForDeploymentPostprocessing = 0;
		};
/* End PBXResourcesBuildPhase section */

/* Begin PBXSourcesBuildPhase section */
		BC79EED61B10BED200141FD2 /* Sources */ = {
			isa = PBXSourcesBuildPhase;
			buildActionMask = 2147483647;
			files = (
				BC79EEE61B10BED200141FD2 /* ViewController.m in Sources */,
				BC79EEE31B10BED200141FD2 /* AppDelegate.m in Sources */,
				BC79EEE01B10BED200141FD2 /* main.m in Sources */,
				BC79EF061B10BF3A00141FD2 /* iOS7TableViewCell.m in Sources */,
			);
			runOnlyForDeploymentPostprocessing = 0;
		};
		BC79EEEF1B10BED200141FD2 /* Sources */ = {
			isa = PBXSourcesBuildPhase;
			buildActionMask = 2147483647;
			files = (
				BC79EEFA1B10BED200141FD2 /* AutolayoutUITableViewCell_iOS7Tests.m in Sources */,
			);
			runOnlyForDeploymentPostprocessing = 0;
		};
/* End PBXSourcesBuildPhase section */

/* Begin PBXTargetDependency section */
		BC79EEF51B10BED200141FD2 /* PBXTargetDependency */ = {
			isa = PBXTargetDependency;
			target = BC79EED91B10BED200141FD2 /* AutolayoutUITableViewCell_iOS7 */;
			targetProxy = BC79EEF41B10BED200141FD2 /* PBXContainerItemProxy */;
		};
/* End PBXTargetDependency section */

/* Begin PBXVariantGroup section */
		BC79EEE71B10BED200141FD2 /* Main.storyboard */ = {
			isa = PBXVariantGroup;
			children = (
				BC79EEE81B10BED200141FD2 /* Base */,
			);
			name = Main.storyboard;
			sourceTree = "<group>";
		};
		BC79EEEC1B10BED200141FD2 /* LaunchScreen.xib */ = {
			isa = PBXVariantGroup;
			children = (
				BC79EEED1B10BED200141FD2 /* Base */,
			);
			name = LaunchScreen.xib;
			sourceTree = "<group>";
		};
/* End PBXVariantGroup section */

/* Begin XCBuildConfiguration section */
		BC79EEFB1B10BED200141FD2 /* Debug */ = {
			isa = XCBuildConfiguration;
			buildSettings = {
				ALWAYS_SEARCH_USER_PATHS = NO;
				CLANG_CXX_LANGUAGE_STANDARD = "gnu++0x";
				CLANG_CXX_LIBRARY = "libc++";
				CLANG_ENABLE_MODULES = YES;
				CLANG_ENABLE_OBJC_ARC = YES;
				CLANG_WARN_BOOL_CONVERSION = YES;
				CLANG_WARN_CONSTANT_CONVERSION = YES;
				CLANG_WARN_DIRECT_OBJC_ISA_USAGE = YES_ERROR;
				CLANG_WARN_EMPTY_BODY = YES;
				CLANG_WARN_ENUM_CONVERSION = YES;
				CLANG_WARN_INT_CONVERSION = YES;
				CLANG_WARN_OBJC_ROOT_CLASS = YES_ERROR;
				CLANG_WARN_UNREACHABLE_CODE = YES;
				CLANG_WARN__DUPLICATE_METHOD_MATCH = YES;
				"CODE_SIGN_IDENTITY[sdk=iphoneos*]" = "iPhone Developer";
				COPY_PHASE_STRIP = NO;
				DEBUG_INFORMATION_FORMAT = "dwarf-with-dsym";
				ENABLE_STRICT_OBJC_MSGSEND = YES;
				GCC_C_LANGUAGE_STANDARD = gnu99;
				GCC_DYNAMIC_NO_PIC = NO;
				GCC_NO_COMMON_BLOCKS = YES;
				GCC_OPTIMIZATION_LEVEL = 0;
				GCC_PREPROCESSOR_DEFINITIONS = (
					"DEBUG=1",
					"$(inherited)",
				);
				GCC_SYMBOLS_PRIVATE_EXTERN = NO;
				GCC_WARN_64_TO_32_BIT_CONVERSION = YES;
				GCC_WARN_ABOUT_RETURN_TYPE = YES_ERROR;
				GCC_WARN_UNDECLARED_SELECTOR = YES;
				GCC_WARN_UNINITIALIZED_AUTOS = YES_AGGRESSIVE;
				GCC_WARN_UNUSED_FUNCTION = YES;
				GCC_WARN_UNUSED_VARIABLE = YES;
				IPHONEOS_DEPLOYMENT_TARGET = 7.0;
				MTL_ENABLE_DEBUG_INFO = YES;
				ONLY_ACTIVE_ARCH = YES;
				SDKROOT = iphoneos;
			};
			name = Debug;
		};
		BC79EEFC1B10BED200141FD2 /* Release */ = {
			isa = XCBuildConfiguration;
			buildSettings = {
				ALWAYS_SEARCH_USER_PATHS = NO;
				CLANG_CXX_LANGUAGE_STANDARD = "gnu++0x";
				CLANG_CXX_LIBRARY = "libc++";
				CLANG_ENABLE_MODULES = YES;
				CLANG_ENABLE_OBJC_ARC = YES;
				CLANG_WARN_BOOL_CONVERSION = YES;
				CLANG_WARN_CONSTANT_CONVERSION = YES;
				CLANG_WARN_DIRECT_OBJC_ISA_USAGE = YES_ERROR;
				CLANG_WARN_EMPTY_BODY = YES;
				CLANG_WARN_ENUM_CONVERSION = YES;
				CLANG_WARN_INT_CONVERSION = YES;
				CLANG_WARN_OBJC_ROOT_CLASS = YES_ERROR;
				CLANG_WARN_UNREACHABLE_CODE = YES;
				CLANG_WARN__DUPLICATE_METHOD_MATCH = YES;
				"CODE_SIGN_IDENTITY[sdk=iphoneos*]" = "iPhone Developer";
				COPY_PHASE_STRIP = NO;
				DEBUG_INFORMATION_FORMAT = "dwarf-with-dsym";
				ENABLE_NS_ASSERTIONS = NO;
				ENABLE_STRICT_OBJC_MSGSEND = YES;
				GCC_C_LANGUAGE_STANDARD = gnu99;
				GCC_NO_COMMON_BLOCKS = YES;
				GCC_WARN_64_TO_32_BIT_CONVERSION = YES;
				GCC_WARN_ABOUT_RETURN_TYPE = YES_ERROR;
				GCC_WARN_UNDECLARED_SELECTOR = YES;
				GCC_WARN_UNINITIALIZED_AUTOS = YES_AGGRESSIVE;
				GCC_WARN_UNUSED_FUNCTION = YES;
				GCC_WARN_UNUSED_VARIABLE = YES;
				IPHONEOS_DEPLOYMENT_TARGET = 7.0;
				MTL_ENABLE_DEBUG_INFO = NO;
				SDKROOT = iphoneos;
				VALIDATE_PRODUCT = YES;
			};
			name = Release;
		};
		BC79EEFE1B10BED200141FD2 /* Debug */ = {
			isa = XCBuildConfiguration;
			buildSettings = {
				ASSETCATALOG_COMPILER_APPICON_NAME = AppIcon;
				INFOPLIST_FILE = AutolayoutUITableViewCell_iOS7/Info.plist;
				LD_RUNPATH_SEARCH_PATHS = "$(inherited) @executable_path/Frameworks";
				PRODUCT_NAME = "$(TARGET_NAME)";
			};
			name = Debug;
		};
		BC79EEFF1B10BED200141FD2 /* Release */ = {
			isa = XCBuildConfiguration;
			buildSettings = {
				ASSETCATALOG_COMPILER_APPICON_NAME = AppIcon;
				INFOPLIST_FILE = AutolayoutUITableViewCell_iOS7/Info.plist;
				LD_RUNPATH_SEARCH_PATHS = "$(inherited) @executable_path/Frameworks";
				PRODUCT_NAME = "$(TARGET_NAME)";
			};
			name = Release;
		};
		BC79EF011B10BED200141FD2 /* Debug */ = {
			isa = XCBuildConfiguration;
			buildSettings = {
				BUNDLE_LOADER = "$(TEST_HOST)";
				FRAMEWORK_SEARCH_PATHS = (
					"$(SDKROOT)/Developer/Library/Frameworks",
					"$(inherited)",
				);
				GCC_PREPROCESSOR_DEFINITIONS = (
					"DEBUG=1",
					"$(inherited)",
				);
				INFOPLIST_FILE = AutolayoutUITableViewCell_iOS7Tests/Info.plist;
				LD_RUNPATH_SEARCH_PATHS = "$(inherited) @executable_path/Frameworks @loader_path/Frameworks";
				PRODUCT_NAME = "$(TARGET_NAME)";
				TEST_HOST = "$(BUILT_PRODUCTS_DIR)/AutolayoutUITableViewCell_iOS7.app/AutolayoutUITableViewCell_iOS7";
			};
			name = Debug;
		};
		BC79EF021B10BED200141FD2 /* Release */ = {
			isa = XCBuildConfiguration;
			buildSettings = {
				BUNDLE_LOADER = "$(TEST_HOST)";
				FRAMEWORK_SEARCH_PATHS = (
					"$(SDKROOT)/Developer/Library/Frameworks",
					"$(inherited)",
				);
				INFOPLIST_FILE = AutolayoutUITableViewCell_iOS7Tests/Info.plist;
				LD_RUNPATH_SEARCH_PATHS = "$(inherited) @executable_path/Frameworks @loader_path/Frameworks";
				PRODUCT_NAME = "$(TARGET_NAME)";
				TEST_HOST = "$(BUILT_PRODUCTS_DIR)/AutolayoutUITableViewCell_iOS7.app/AutolayoutUITableViewCell_iOS7";
			};
			name = Release;
		};
/* End XCBuildConfiguration section */

/* Begin XCConfigurationList section */
		BC79EED51B10BED200141FD2 /* Build configuration list for PBXProject "AutolayoutUITableViewCell_iOS7" */ = {
			isa = XCConfigurationList;
			buildConfigurations = (
				BC79EEFB1B10BED200141FD2 /* Debug */,
				BC79EEFC1B10BED200141FD2 /* Release */,
			);
			defaultConfigurationIsVisible = 0;
			defaultConfigurationName = Release;
		};
		BC79EEFD1B10BED200141FD2 /* Build configuration list for PBXNativeTarget "AutolayoutUITableViewCell_iOS7" */ = {
			isa = XCConfigurationList;
			buildConfigurations = (
				BC79EEFE1B10BED200141FD2 /* Debug */,
				BC79EEFF1B10BED200141FD2 /* Release */,
			);
			defaultConfigurationIsVisible = 0;
		};
		BC79EF001B10BED200141FD2 /* Build configuration list for PBXNativeTarget "AutolayoutUITableViewCell_iOS7Tests" */ = {
			isa = XCConfigurationList;
			buildConfigurations = (
				BC79EF011B10BED200141FD2 /* Debug */,
				BC79EF021B10BED200141FD2 /* Release */,
			);
			defaultConfigurationIsVisible = 0;
		};
/* End XCConfigurationList section */
	};
	rootObject = BC79EED21B10BED200141FD2 /* Project object */;
}
